
Microsoft Visual Studio Solution File, Format Version 12.00
# Visual Studio 15
VisualStudioVersion = 15.0.28307.106
MinimumVisualStudioVersion = 10.0.40219.1
Project("{FAE04EC0-301F-11D3-BF4B-00C04F79EFBC}") = "Zol.Grains", "Zol.Grains\Zol.Grains.csproj", "{EAF9BE86-A439-4D4A-8E4F-158D74C5DC71}"
EndProject
Project("{FAE04EC0-301F-11D3-BF4B-00C04F79EFBC}") = "Zol.IGrains", "Zol.IGrains\Zol.IGrains.csproj", "{9F1B6AED-5EF1-44B7-8AF6-D64D0521BF41}"
EndProject
Project("{FAE04EC0-301F-11D3-BF4B-00C04F79EFBC}") = "ClientTest", "ClientTest\ClientTest.csproj", "{E1F222DA-58CF-4B7A-BCF1-2263D51B2852}"
	ProjectSection(ProjectDependencies) = postProject
		{EAF9BE86-A439-4D4A-8E4F-158D74C5DC71} = {EAF9BE86-A439-4D4A-8E4F-158D74C5DC71}
	EndProjectSection
EndProject
Project("{FAE04EC0-301F-11D3-BF4B-00C04F79EFBC}") = "Zol.Common", "Zol.Common\Zol.Common.csproj", "{78A6090C-F1C9-4BCE-9919-C7D8342F216A}"
EndProject
Project("{FAE04EC0-301F-11D3-BF4B-00C04F79EFBC}") = "Zol.Core", "Zol.Core\Zol.Core.csproj", "{9B18E63E-1B10-4A08-9EDC-5B41CC62993F}"
EndProject
Project("{FAE04EC0-301F-11D3-BF4B-00C04F79EFBC}") = "Zol.OrleansService", "Zol.OrleansService\Zol.OrleansService.csproj", "{22B17ACA-109F-41B0-9595-DA3A7057610E}"
	ProjectSection(ProjectDependencies) = postProject
		{E6F1CAB5-9352-40D3-9706-2A0509E075A9} = {E6F1CAB5-9352-40D3-9706-2A0509E075A9}
		{9F1B6AED-5EF1-44B7-8AF6-D64D0521BF41} = {9F1B6AED-5EF1-44B7-8AF6-D64D0521BF41}
	EndProjectSection
EndProject
Project("{FAE04EC0-301F-11D3-BF4B-00C04F79EFBC}") = "Zol.OrleansForm", "Zol.OrleansForm\Zol.OrleansForm.csproj", "{C5093314-6339-4E25-8189-44414647FA69}"
	ProjectSection(ProjectDependencies) = postProject
		{E6F1CAB5-9352-40D3-9706-2A0509E075A9} = {E6F1CAB5-9352-40D3-9706-2A0509E075A9}
		{9F1B6AED-5EF1-44B7-8AF6-D64D0521BF41} = {9F1B6AED-5EF1-44B7-8AF6-D64D0521BF41}
	EndProjectSection
EndProject
Project("{2150E333-8FDC-42A3-9474-1A3956D46DE8}") = "Silos", "Silos", "{3B5DC62B-5934-4F81-857C-F337C4BE7B31}"
EndProject
Project("{2150E333-8FDC-42A3-9474-1A3956D46DE8}") = "Grains", "Grains", "{03F10990-5507-421A-AC62-105E476BC503}"
EndProject
Project("{2150E333-8FDC-42A3-9474-1A3956D46DE8}") = "WebApi", "WebApi", "{7CEBEA78-55A3-40CD-9C19-4C9552A5DDD9}"
EndProject
Project("{2150E333-8FDC-42A3-9474-1A3956D46DE8}") = "Core", "Core", "{47DAED52-739E-4F11-B929-0BE20E062C11}"
EndProject
Project("{FAE04EC0-301F-11D3-BF4B-00C04F79EFBC}") = "Zol.OrleansWebApi", "Zol.OrleansWebApi\Zol.OrleansWebApi.csproj", "{6D9CBE04-D5B3-466D-B504-83BA31F4DD62}"
	ProjectSection(ProjectDependencies) = postProject
		{EAF9BE86-A439-4D4A-8E4F-158D74C5DC71} = {EAF9BE86-A439-4D4A-8E4F-158D74C5DC71}
		{E6F1CAB5-9352-40D3-9706-2A0509E075A9} = {E6F1CAB5-9352-40D3-9706-2A0509E075A9}
	EndProjectSection
EndProject
Project("{2150E333-8FDC-42A3-9474-1A3956D46DE8}") = "Client", "Client", "{4E31C8B7-3864-4688-8B35-7991A5B22E10}"
EndProject
Project("{2150E333-8FDC-42A3-9474-1A3956D46DE8}") = "Ray", "Ray", "{A8AE9D06-E711-4788-8BF2-2743EFB394B2}"
EndProject
Project("{FAE04EC0-301F-11D3-BF4B-00C04F79EFBC}") = "Zol.Handler", "Zol.Handler\Zol.Handler.csproj", "{E6F1CAB5-9352-40D3-9706-2A0509E075A9}"
EndProject
Project("{FAE04EC0-301F-11D3-BF4B-00C04F79EFBC}") = "Ray.Core", "Ray\Ray.Core\Ray.Core.csproj", "{1180509A-EDFC-4A1A-AE5B-97EDAFE62247}"
EndProject
Global
	GlobalSection(SolutionConfigurationPlatforms) = preSolution
		Debug|Any CPU = Debug|Any CPU
		Release|Any CPU = Release|Any CPU
	EndGlobalSection
	GlobalSection(ProjectConfigurationPlatforms) = postSolution
		{EAF9BE86-A439-4D4A-8E4F-158D74C5DC71}.Debug|Any CPU.ActiveCfg = Debug|Any CPU
		{EAF9BE86-A439-4D4A-8E4F-158D74C5DC71}.Debug|Any CPU.Build.0 = Debug|Any CPU
		{EAF9BE86-A439-4D4A-8E4F-158D74C5DC71}.Release|Any CPU.ActiveCfg = Release|Any CPU
		{EAF9BE86-A439-4D4A-8E4F-158D74C5DC71}.Release|Any CPU.Build.0 = Release|Any CPU
		{9F1B6AED-5EF1-44B7-8AF6-D64D0521BF41}.Debug|Any CPU.ActiveCfg = Debug|Any CPU
		{9F1B6AED-5EF1-44B7-8AF6-D64D0521BF41}.Debug|Any CPU.Build.0 = Debug|Any CPU
		{9F1B6AED-5EF1-44B7-8AF6-D64D0521BF41}.Release|Any CPU.ActiveCfg = Release|Any CPU
		{9F1B6AED-5EF1-44B7-8AF6-D64D0521BF41}.Release|Any CPU.Build.0 = Release|Any CPU
		{E1F222DA-58CF-4B7A-BCF1-2263D51B2852}.Debug|Any CPU.ActiveCfg = Debug|Any CPU
		{E1F222DA-58CF-4B7A-BCF1-2263D51B2852}.Debug|Any CPU.Build.0 = Debug|Any CPU
		{E1F222DA-58CF-4B7A-BCF1-2263D51B2852}.Release|Any CPU.ActiveCfg = Release|Any CPU
		{E1F222DA-58CF-4B7A-BCF1-2263D51B2852}.Release|Any CPU.Build.0 = Release|Any CPU
		{78A6090C-F1C9-4BCE-9919-C7D8342F216A}.Debug|Any CPU.ActiveCfg = Debug|Any CPU
		{78A6090C-F1C9-4BCE-9919-C7D8342F216A}.Debug|Any CPU.Build.0 = Debug|Any CPU
		{78A6090C-F1C9-4BCE-9919-C7D8342F216A}.Release|Any CPU.ActiveCfg = Release|Any CPU
		{78A6090C-F1C9-4BCE-9919-C7D8342F216A}.Release|Any CPU.Build.0 = Release|Any CPU
		{9B18E63E-1B10-4A08-9EDC-5B41CC62993F}.Debug|Any CPU.ActiveCfg = Debug|Any CPU
		{9B18E63E-1B10-4A08-9EDC-5B41CC62993F}.Debug|Any CPU.Build.0 = Debug|Any CPU
		{9B18E63E-1B10-4A08-9EDC-5B41CC62993F}.Release|Any CPU.ActiveCfg = Release|Any CPU
		{9B18E63E-1B10-4A08-9EDC-5B41CC62993F}.Release|Any CPU.Build.0 = Release|Any CPU
		{22B17ACA-109F-41B0-9595-DA3A7057610E}.Debug|Any CPU.ActiveCfg = Debug|Any CPU
		{22B17ACA-109F-41B0-9595-DA3A7057610E}.Debug|Any CPU.Build.0 = Debug|Any CPU
		{22B17ACA-109F-41B0-9595-DA3A7057610E}.Release|Any CPU.ActiveCfg = Release|Any CPU
		{22B17ACA-109F-41B0-9595-DA3A7057610E}.Release|Any CPU.Build.0 = Release|Any CPU
		{C5093314-6339-4E25-8189-44414647FA69}.Debug|Any CPU.ActiveCfg = Debug|Any CPU
		{C5093314-6339-4E25-8189-44414647FA69}.Debug|Any CPU.Build.0 = Debug|Any CPU
		{C5093314-6339-4E25-8189-44414647FA69}.Release|Any CPU.ActiveCfg = Release|Any CPU
		{C5093314-6339-4E25-8189-44414647FA69}.Release|Any CPU.Build.0 = Release|Any CPU
		{6D9CBE04-D5B3-466D-B504-83BA31F4DD62}.Debug|Any CPU.ActiveCfg = Debug|Any CPU
		{6D9CBE04-D5B3-466D-B504-83BA31F4DD62}.Debug|Any CPU.Build.0 = Debug|Any CPU
		{6D9CBE04-D5B3-466D-B504-83BA31F4DD62}.Release|Any CPU.ActiveCfg = Release|Any CPU
		{6D9CBE04-D5B3-466D-B504-83BA31F4DD62}.Release|Any CPU.Build.0 = Release|Any CPU
		{E6F1CAB5-9352-40D3-9706-2A0509E075A9}.Debug|Any CPU.ActiveCfg = Debug|Any CPU
		{E6F1CAB5-9352-40D3-9706-2A0509E075A9}.Debug|Any CPU.Build.0 = Debug|Any CPU
		{E6F1CAB5-9352-40D3-9706-2A0509E075A9}.Release|Any CPU.ActiveCfg = Release|Any CPU
		{E6F1CAB5-9352-40D3-9706-2A0509E075A9}.Release|Any CPU.Build.0 = Release|Any CPU
		{1180509A-EDFC-4A1A-AE5B-97EDAFE62247}.Debug|Any CPU.ActiveCfg = Debug|Any CPU
		{1180509A-EDFC-4A1A-AE5B-97EDAFE62247}.Debug|Any CPU.Build.0 = Debug|Any CPU
		{1180509A-EDFC-4A1A-AE5B-97EDAFE62247}.Release|Any CPU.ActiveCfg = Release|Any CPU
		{1180509A-EDFC-4A1A-AE5B-97EDAFE62247}.Release|Any CPU.Build.0 = Release|Any CPU
	EndGlobalSection
	GlobalSection(SolutionProperties) = preSolution
		HideSolutionNode = FALSE
	EndGlobalSection
	GlobalSection(NestedProjects) = preSolution
		{EAF9BE86-A439-4D4A-8E4F-158D74C5DC71} = {03F10990-5507-421A-AC62-105E476BC503}
		{9F1B6AED-5EF1-44B7-8AF6-D64D0521BF41} = {03F10990-5507-421A-AC62-105E476BC503}
		{E1F222DA-58CF-4B7A-BCF1-2263D51B2852} = {4E31C8B7-3864-4688-8B35-7991A5B22E10}
		{78A6090C-F1C9-4BCE-9919-C7D8342F216A} = {47DAED52-739E-4F11-B929-0BE20E062C11}
		{9B18E63E-1B10-4A08-9EDC-5B41CC62993F} = {47DAED52-739E-4F11-B929-0BE20E062C11}
		{22B17ACA-109F-41B0-9595-DA3A7057610E} = {3B5DC62B-5934-4F81-857C-F337C4BE7B31}
		{C5093314-6339-4E25-8189-44414647FA69} = {3B5DC62B-5934-4F81-857C-F337C4BE7B31}
		{6D9CBE04-D5B3-466D-B504-83BA31F4DD62} = {7CEBEA78-55A3-40CD-9C19-4C9552A5DDD9}
		{E6F1CAB5-9352-40D3-9706-2A0509E075A9} = {03F10990-5507-421A-AC62-105E476BC503}
		{1180509A-EDFC-4A1A-AE5B-97EDAFE62247} = {A8AE9D06-E711-4788-8BF2-2743EFB394B2}
	EndGlobalSection
	GlobalSection(ExtensibilityGlobals) = postSolution
		SolutionGuid = {C1239BA3-E161-4D84-B970-37C05DB8EF21}
	EndGlobalSection
EndGlobal
